
Microsoft Visual Studio Solution File, Format Version 12.00
# Visual Studio Version 16
VisualStudioVersion = 16.0.31829.152
MinimumVisualStudioVersion = 10.0.40219.1
Project("{FAE04EC0-301F-11D3-BF4B-00C04F79EFBC}") = "FA.JustBlog.Model", "FA.JustBlog.Model\FA.JustBlog.Model.csproj", "{1B6B192D-E9D9-4012-8782-EE3B293482A2}"
EndProject
Project("{FAE04EC0-301F-11D3-BF4B-00C04F79EFBC}") = "FA.JustBlog.DataAccessLayer", "FA.JustBlog.DataAccessLayer\FA.JustBlog.DataAccessLayer.csproj", "{FBEA2452-EB01-4BA8-8847-DD03B47AE79E}"
EndProject
Project("{FAE04EC0-301F-11D3-BF4B-00C04F79EFBC}") = "FA.JustBlog.Services", "FA.JustBlog.Services\FA.JustBlog.Services.csproj", "{DBCC3323-6254-4442-8F1F-091F89DFB97E}"
EndProject
Project("{FAE04EC0-301F-11D3-BF4B-00C04F79EFBC}") = "FA.JustBlog.ViewModels", "FA.JustBlog.ViewModels\FA.JustBlog.ViewModels.csproj", "{E8F82BA3-96B4-4D4B-B403-842CCE7DBCB3}"
EndProject
Project("{FAE04EC0-301F-11D3-BF4B-00C04F79EFBC}") = "FA.JustBlog.Web", "FA.JustBlog.Web\FA.JustBlog.Web.csproj", "{EF690B8A-0F09-4017-9EFE-8D05180D72BB}"
EndProject
Global
	GlobalSection(SolutionConfigurationPlatforms) = preSolution
		Debug|Any CPU = Debug|Any CPU
		Release|Any CPU = Release|Any CPU
	EndGlobalSection
	GlobalSection(ProjectConfigurationPlatforms) = postSolution
		{1B6B192D-E9D9-4012-8782-EE3B293482A2}.Debug|Any CPU.ActiveCfg = Debug|Any CPU
		{1B6B192D-E9D9-4012-8782-EE3B293482A2}.Debug|Any CPU.Build.0 = Debug|Any CPU
		{1B6B192D-E9D9-4012-8782-EE3B293482A2}.Release|Any CPU.ActiveCfg = Release|Any CPU
		{1B6B192D-E9D9-4012-8782-EE3B293482A2}.Release|Any CPU.Build.0 = Release|Any CPU
		{FBEA2452-EB01-4BA8-8847-DD03B47AE79E}.Debug|Any CPU.ActiveCfg = Debug|Any CPU
		{FBEA2452-EB01-4BA8-8847-DD03B47AE79E}.Debug|Any CPU.Build.0 = Debug|Any CPU
		{FBEA2452-EB01-4BA8-8847-DD03B47AE79E}.Release|Any CPU.ActiveCfg = Release|Any CPU
		{FBEA2452-EB01-4BA8-8847-DD03B47AE79E}.Release|Any CPU.Build.0 = Release|Any CPU
		{DBCC3323-6254-4442-8F1F-091F89DFB97E}.Debug|Any CPU.ActiveCfg = Debug|Any CPU
		{DBCC3323-6254-4442-8F1F-091F89DFB97E}.Debug|Any CPU.Build.0 = Debug|Any CPU
		{DBCC3323-6254-4442-8F1F-091F89DFB97E}.Release|Any CPU.ActiveCfg = Release|Any CPU
		{DBCC3323-6254-4442-8F1F-091F89DFB97E}.Release|Any CPU.Build.0 = Release|Any CPU
		{E8F82BA3-96B4-4D4B-B403-842CCE7DBCB3}.Debug|Any CPU.ActiveCfg = Debug|Any CPU
		{E8F82BA3-96B4-4D4B-B403-842CCE7DBCB3}.Debug|Any CPU.Build.0 = Debug|Any CPU
		{E8F82BA3-96B4-4D4B-B403-842CCE7DBCB3}.Release|Any CPU.ActiveCfg = Release|Any CPU
		{E8F82BA3-96B4-4D4B-B403-842CCE7DBCB3}.Release|Any CPU.Build.0 = Release|Any CPU
		{EF690B8A-0F09-4017-9EFE-8D05180D72BB}.Debug|Any CPU.ActiveCfg = Debug|Any CPU
		{EF690B8A-0F09-4017-9EFE-8D05180D72BB}.Debug|Any CPU.Build.0 = Debug|Any CPU
		{EF690B8A-0F09-4017-9EFE-8D05180D72BB}.Release|Any CPU.ActiveCfg = Release|Any CPU
		{EF690B8A-0F09-4017-9EFE-8D05180D72BB}.Release|Any CPU.Build.0 = Release|Any CPU
	EndGlobalSection
	GlobalSection(SolutionProperties) = preSolution
		HideSolutionNode = FALSE
	EndGlobalSection
	GlobalSection(ExtensibilityGlobals) = postSolution
		SolutionGuid = {A249FF8E-7548-4CAA-9DE3-94DEDAFCC422}
	EndGlobalSection
EndGlobal
